
Microsoft Visual Studio Solution File, Format Version 12.00
# Visual Studio Version 17
VisualStudioVersion = 17.3.32811.315
MinimumVisualStudioVersion = 10.0.40219.1
Project("{9A19103F-16F7-4668-BE54-9A1E7A4F7556}") = "Code-Tasks", "Code-Tasks\Code-Tasks.csproj", "{F4A93AEC-F1B6-4D84-B2E5-298EEE701D99}"
EndProject
Project("{FAE04EC0-301F-11D3-BF4B-00C04F79EFBC}") = "Array-List", "Array-List-Tasks\Array-List.csproj", "{9F6C05A3-B479-4692-A29B-74387914D0A1}"
EndProject
Project("{FAE04EC0-301F-11D3-BF4B-00C04F79EFBC}") = "Queue-Stack-Tasks", "Queue-Stack-Tasks\Queue-Stack-Tasks.csproj", "{C0C901F4-585C-4DA0-8132-3F19C24B9712}"
EndProject
Project("{FAE04EC0-301F-11D3-BF4B-00C04F79EFBC}") = "Sorting-Tests", "Sorting-Tests\Sorting-Tests.csproj", "{27F07D7A-1E88-41F3-B0BC-1240D9011251}"
EndProject
Project("{FAE04EC0-301F-11D3-BF4B-00C04F79EFBC}") = "Linked-List-Tasks", "Linked-List-Tasks\Linked-List-Tasks.csproj", "{A66CE8EF-074E-4545-BB4D-EED0EF99871C}"
EndProject
Project("{FAE04EC0-301F-11D3-BF4B-00C04F79EFBC}") = "Dictionary-HashSet", "Dictionary-Task\Dictionary-HashSet.csproj", "{12F180A4-9AAF-43F1-899E-93FAC9E24EB1}"
EndProject
Project("{FAE04EC0-301F-11D3-BF4B-00C04F79EFBC}") = "Regex-Tasks", "Regex-Tasks\Regex-Tasks.csproj", "{97D59652-3D71-4CA1-BCE8-865B6030CFD8}"
EndProject
Project("{FAE04EC0-301F-11D3-BF4B-00C04F79EFBC}") = "Tree-Tasks", "Tree-Tasks\Tree-Tasks.csproj", "{27E9BD4E-2A85-402B-B42F-D24634A8CCD2}"
EndProject
Project("{FAE04EC0-301F-11D3-BF4B-00C04F79EFBC}") = "Recursion-Task", "Recursion-Task\Recursion-Task.csproj", "{D2FDD013-E755-4284-A722-24DEE13CA758}"
EndProject
Project("{FAE04EC0-301F-11D3-BF4B-00C04F79EFBC}") = "Searchin-Tasks", "Searchin-Tasks\Searchin-Tasks.csproj", "{32BE4066-7C46-4268-ABAB-C985CF48C083}"
EndProject
Project("{FAE04EC0-301F-11D3-BF4B-00C04F79EFBC}") = "CODE-TEST", "CODE-TEST\CODE-TEST.csproj", "{B7DB2B71-E0A8-46BC-A3AA-8BA672C9C441}"
EndProject
Project("{FAE04EC0-301F-11D3-BF4B-00C04F79EFBC}") = "Two-Dim-Array", "TWO-DIMENSION-ARRAY\Two-Dim-Array.csproj", "{642DA008-2D9F-4FD5-8D1F-131DA9B6E198}"
EndProject
Project("{FAE04EC0-301F-11D3-BF4B-00C04F79EFBC}") = "String-Manipulation", "String-Manipulation\String-Manipulation.csproj", "{8D879471-B46D-4F57-9543-7DF9A02D4D58}"
EndProject
Global
	GlobalSection(SolutionConfigurationPlatforms) = preSolution
		Debug|Any CPU = Debug|Any CPU
		Release|Any CPU = Release|Any CPU
	EndGlobalSection
	GlobalSection(ProjectConfigurationPlatforms) = postSolution
		{F4A93AEC-F1B6-4D84-B2E5-298EEE701D99}.Debug|Any CPU.ActiveCfg = Debug|Any CPU
		{F4A93AEC-F1B6-4D84-B2E5-298EEE701D99}.Debug|Any CPU.Build.0 = Debug|Any CPU
		{F4A93AEC-F1B6-4D84-B2E5-298EEE701D99}.Release|Any CPU.ActiveCfg = Release|Any CPU
		{F4A93AEC-F1B6-4D84-B2E5-298EEE701D99}.Release|Any CPU.Build.0 = Release|Any CPU
		{9F6C05A3-B479-4692-A29B-74387914D0A1}.Debug|Any CPU.ActiveCfg = Debug|Any CPU
		{9F6C05A3-B479-4692-A29B-74387914D0A1}.Debug|Any CPU.Build.0 = Debug|Any CPU
		{9F6C05A3-B479-4692-A29B-74387914D0A1}.Release|Any CPU.ActiveCfg = Release|Any CPU
		{9F6C05A3-B479-4692-A29B-74387914D0A1}.Release|Any CPU.Build.0 = Release|Any CPU
		{C0C901F4-585C-4DA0-8132-3F19C24B9712}.Debug|Any CPU.ActiveCfg = Debug|Any CPU
		{C0C901F4-585C-4DA0-8132-3F19C24B9712}.Debug|Any CPU.Build.0 = Debug|Any CPU
		{C0C901F4-585C-4DA0-8132-3F19C24B9712}.Release|Any CPU.ActiveCfg = Release|Any CPU
		{C0C901F4-585C-4DA0-8132-3F19C24B9712}.Release|Any CPU.Build.0 = Release|Any CPU
		{27F07D7A-1E88-41F3-B0BC-1240D9011251}.Debug|Any CPU.ActiveCfg = Debug|Any CPU
		{27F07D7A-1E88-41F3-B0BC-1240D9011251}.Debug|Any CPU.Build.0 = Debug|Any CPU
		{27F07D7A-1E88-41F3-B0BC-1240D9011251}.Release|Any CPU.ActiveCfg = Release|Any CPU
		{27F07D7A-1E88-41F3-B0BC-1240D9011251}.Release|Any CPU.Build.0 = Release|Any CPU
		{A66CE8EF-074E-4545-BB4D-EED0EF99871C}.Debug|Any CPU.ActiveCfg = Debug|Any CPU
		{A66CE8EF-074E-4545-BB4D-EED0EF99871C}.Debug|Any CPU.Build.0 = Debug|Any CPU
		{A66CE8EF-074E-4545-BB4D-EED0EF99871C}.Release|Any CPU.ActiveCfg = Release|Any CPU
		{A66CE8EF-074E-4545-BB4D-EED0EF99871C}.Release|Any CPU.Build.0 = Release|Any CPU
		{12F180A4-9AAF-43F1-899E-93FAC9E24EB1}.Debug|Any CPU.ActiveCfg = Debug|Any CPU
		{12F180A4-9AAF-43F1-899E-93FAC9E24EB1}.Debug|Any CPU.Build.0 = Debug|Any CPU
		{12F180A4-9AAF-43F1-899E-93FAC9E24EB1}.Release|Any CPU.ActiveCfg = Release|Any CPU
		{12F180A4-9AAF-43F1-899E-93FAC9E24EB1}.Release|Any CPU.Build.0 = Release|Any CPU
		{97D59652-3D71-4CA1-BCE8-865B6030CFD8}.Debug|Any CPU.ActiveCfg = Debug|Any CPU
		{97D59652-3D71-4CA1-BCE8-865B6030CFD8}.Debug|Any CPU.Build.0 = Debug|Any CPU
		{97D59652-3D71-4CA1-BCE8-865B6030CFD8}.Release|Any CPU.ActiveCfg = Release|Any CPU
		{97D59652-3D71-4CA1-BCE8-865B6030CFD8}.Release|Any CPU.Build.0 = Release|Any CPU
		{27E9BD4E-2A85-402B-B42F-D24634A8CCD2}.Debug|Any CPU.ActiveCfg = Debug|Any CPU
		{27E9BD4E-2A85-402B-B42F-D24634A8CCD2}.Debug|Any CPU.Build.0 = Debug|Any CPU
		{27E9BD4E-2A85-402B-B42F-D24634A8CCD2}.Release|Any CPU.ActiveCfg = Release|Any CPU
		{27E9BD4E-2A85-402B-B42F-D24634A8CCD2}.Release|Any CPU.Build.0 = Release|Any CPU
		{D2FDD013-E755-4284-A722-24DEE13CA758}.Debug|Any CPU.ActiveCfg = Debug|Any CPU
		{D2FDD013-E755-4284-A722-24DEE13CA758}.Debug|Any CPU.Build.0 = Debug|Any CPU
		{D2FDD013-E755-4284-A722-24DEE13CA758}.Release|Any CPU.ActiveCfg = Release|Any CPU
		{D2FDD013-E755-4284-A722-24DEE13CA758}.Release|Any CPU.Build.0 = Release|Any CPU
		{32BE4066-7C46-4268-ABAB-C985CF48C083}.Debug|Any CPU.ActiveCfg = Debug|Any CPU
		{32BE4066-7C46-4268-ABAB-C985CF48C083}.Debug|Any CPU.Build.0 = Debug|Any CPU
		{32BE4066-7C46-4268-ABAB-C985CF48C083}.Release|Any CPU.ActiveCfg = Release|Any CPU
		{32BE4066-7C46-4268-ABAB-C985CF48C083}.Release|Any CPU.Build.0 = Release|Any CPU
		{B7DB2B71-E0A8-46BC-A3AA-8BA672C9C441}.Debug|Any CPU.ActiveCfg = Debug|Any CPU
		{B7DB2B71-E0A8-46BC-A3AA-8BA672C9C441}.Debug|Any CPU.Build.0 = Debug|Any CPU
		{B7DB2B71-E0A8-46BC-A3AA-8BA672C9C441}.Release|Any CPU.ActiveCfg = Release|Any CPU
		{B7DB2B71-E0A8-46BC-A3AA-8BA672C9C441}.Release|Any CPU.Build.0 = Release|Any CPU
		{642DA008-2D9F-4FD5-8D1F-131DA9B6E198}.Debug|Any CPU.ActiveCfg = Debug|Any CPU
		{642DA008-2D9F-4FD5-8D1F-131DA9B6E198}.Debug|Any CPU.Build.0 = Debug|Any CPU
		{642DA008-2D9F-4FD5-8D1F-131DA9B6E198}.Release|Any CPU.ActiveCfg = Release|Any CPU
		{642DA008-2D9F-4FD5-8D1F-131DA9B6E198}.Release|Any CPU.Build.0 = Release|Any CPU
		{8D879471-B46D-4F57-9543-7DF9A02D4D58}.Debug|Any CPU.ActiveCfg = Debug|Any CPU
		{8D879471-B46D-4F57-9543-7DF9A02D4D58}.Debug|Any CPU.Build.0 = Debug|Any CPU
		{8D879471-B46D-4F57-9543-7DF9A02D4D58}.Release|Any CPU.ActiveCfg = Release|Any CPU
		{8D879471-B46D-4F57-9543-7DF9A02D4D58}.Release|Any CPU.Build.0 = Release|Any CPU
	EndGlobalSection
	GlobalSection(SolutionProperties) = preSolution
		HideSolutionNode = FALSE
	EndGlobalSection
	GlobalSection(ExtensibilityGlobals) = postSolution
		SolutionGuid = {2215C87F-ADCD-4E5A-A41D-761C86FE9693}
	EndGlobalSection
EndGlobal
